// !$*UTF8*$!
{
	archiveVersion = 1;
	classes = {
	};
	objectVersion = 46;
	objects = {

/* Begin PBXBuildFile section */
		490C77941CE3D2630016AD09 /* AccountManagementCollectionViewController.swift in Sources */ = {isa = PBXBuildFile; fileRef = 490C77931CE3D2630016AD09 /* AccountManagementCollectionViewController.swift */; };
		490C77981CE40A9D0016AD09 /* AccountManagementCollectionViewCell.swift in Sources */ = {isa = PBXBuildFile; fileRef = 490C77971CE40A9D0016AD09 /* AccountManagementCollectionViewCell.swift */; };
		49107E8F1CBC66F60044552E /* ActivityTabelViewCell.swift in Sources */ = {isa = PBXBuildFile; fileRef = 49107E8E1CBC66F60044552E /* ActivityTabelViewCell.swift */; };
		49107E911CBC6D3A0044552E /* MyActivity.swift in Sources */ = {isa = PBXBuildFile; fileRef = 49107E901CBC6D3A0044552E /* MyActivity.swift */; };
		49107E931CBC7C3F0044552E /* ActivityDetailTableViewController.swift in Sources */ = {isa = PBXBuildFile; fileRef = 49107E921CBC7C3F0044552E /* ActivityDetailTableViewController.swift */; };
		495F79D31CE52CF100D51CF9 /* CalenderTableViewController.swift in Sources */ = {isa = PBXBuildFile; fileRef = 495F79D21CE52CF100D51CF9 /* CalenderTableViewController.swift */; };
		497A19F41CD03EA7003546B3 /* OrderTableViewController.swift in Sources */ = {isa = PBXBuildFile; fileRef = 497A19F31CD03EA7003546B3 /* OrderTableViewController.swift */; };
		49828A871CC9E51F00CFE283 /* ClubPhotoTableViewCell.swift in Sources */ = {isa = PBXBuildFile; fileRef = 49828A861CC9E51F00CFE283 /* ClubPhotoTableViewCell.swift */; };
		49828A891CC9E5CA00CFE283 /* ClubDetailTableViewController.swift in Sources */ = {isa = PBXBuildFile; fileRef = 49828A881CC9E5CA00CFE283 /* ClubDetailTableViewController.swift */; };
		49828A8B1CC9FD8E00CFE283 /* ClubIntroTableViewCell.swift in Sources */ = {isa = PBXBuildFile; fileRef = 49828A8A1CC9FD8E00CFE283 /* ClubIntroTableViewCell.swift */; };
		49828A8F1CCA019400CFE283 /* TeacherIntroTitleTableViewCell.swift in Sources */ = {isa = PBXBuildFile; fileRef = 49828A8E1CCA019400CFE283 /* TeacherIntroTitleTableViewCell.swift */; };
		49828A911CCD58E600CFE283 /* TeacherListTableViewCell.swift in Sources */ = {isa = PBXBuildFile; fileRef = 49828A901CCD58E600CFE283 /* TeacherListTableViewCell.swift */; };
		49828A931CCD5CE600CFE283 /* ClubActivitiesTitleTableViewCell.swift in Sources */ = {isa = PBXBuildFile; fileRef = 49828A921CCD5CE600CFE283 /* ClubActivitiesTitleTableViewCell.swift */; };
		4986CBBF1CE548BF001C3B65 /* CalenderTableViewCell.swift in Sources */ = {isa = PBXBuildFile; fileRef = 4986CBBE1CE548BF001C3B65 /* CalenderTableViewCell.swift */; };
		4986CBC31CE5AB5E001C3B65 /* AllOrdersListTableViewController.swift in Sources */ = {isa = PBXBuildFile; fileRef = 4986CBC21CE5AB5E001C3B65 /* AllOrdersListTableViewController.swift */; };
		4986CBC51CE5B5FE001C3B65 /* OrderDetailTableViewCell.swift in Sources */ = {isa = PBXBuildFile; fileRef = 4986CBC41CE5B5FE001C3B65 /* OrderDetailTableViewCell.swift */; };
		4986CBC71CE5B61D001C3B65 /* OrderNextStageStatusTableViewCell.swift in Sources */ = {isa = PBXBuildFile; fileRef = 4986CBC61CE5B61D001C3B65 /* OrderNextStageStatusTableViewCell.swift */; };
		4986CBCC1CE69847001C3B65 /* MessagesTableViewController.swift in Sources */ = {isa = PBXBuildFile; fileRef = 4986CBCB1CE69847001C3B65 /* MessagesTableViewController.swift */; };
		4986CBCE1CE69A6B001C3B65 /* MessageTableViewCell.swift in Sources */ = {isa = PBXBuildFile; fileRef = 4986CBCD1CE69A6B001C3B65 /* MessageTableViewCell.swift */; };
		49A8A7451CC83F0E00F8DC5D /* CommentTableViewCell.swift in Sources */ = {isa = PBXBuildFile; fileRef = 49A8A7441CC83F0E00F8DC5D /* CommentTableViewCell.swift */; };
		49B1D1301CEE815C00EDD573 /* EnrollInfomationTableViewController.swift in Sources */ = {isa = PBXBuildFile; fileRef = 49B1D12F1CEE815C00EDD573 /* EnrollInfomationTableViewController.swift */; };
		49B1D1321CEE965A00EDD573 /* ProfileThumbImgTableViewCell.swift in Sources */ = {isa = PBXBuildFile; fileRef = 49B1D1311CEE965A00EDD573 /* ProfileThumbImgTableViewCell.swift */; };
		49B1D1341CEE967B00EDD573 /* ProfileOtherInfoTableViewCell.swift in Sources */ = {isa = PBXBuildFile; fileRef = 49B1D1331CEE967B00EDD573 /* ProfileOtherInfoTableViewCell.swift */; };
		49B1D1361CEE9AF500EDD573 /* SettingTableViewController.swift in Sources */ = {isa = PBXBuildFile; fileRef = 49B1D1351CEE9AF500EDD573 /* SettingTableViewController.swift */; };
		49B1D1381CEEA61100EDD573 /* OtherSettingTableViewCell.swift in Sources */ = {isa = PBXBuildFile; fileRef = 49B1D1371CEEA61100EDD573 /* OtherSettingTableViewCell.swift */; };
		49B1D13A1CEEA63B00EDD573 /* EmptyCacheSettingTableViewCell.swift in Sources */ = {isa = PBXBuildFile; fileRef = 49B1D1391CEEA63B00EDD573 /* EmptyCacheSettingTableViewCell.swift */; };
		49B1D13C1CEEA65500EDD573 /* VersionSettingTableViewCell.swift in Sources */ = {isa = PBXBuildFile; fileRef = 49B1D13B1CEEA65500EDD573 /* VersionSettingTableViewCell.swift */; };
		49B1D13E1CEED32D00EDD573 /* ExistingOrderDetailsTableViewController.swift in Sources */ = {isa = PBXBuildFile; fileRef = 49B1D13D1CEED32D00EDD573 /* ExistingOrderDetailsTableViewController.swift */; };
		49F7A40A1CB43B2C00448BCA /* AppDelegate.swift in Sources */ = {isa = PBXBuildFile; fileRef = 49F7A4091CB43B2C00448BCA /* AppDelegate.swift */; };
		49F7A40C1CB43B2C00448BCA /* ViewController.swift in Sources */ = {isa = PBXBuildFile; fileRef = 49F7A40B1CB43B2C00448BCA /* ViewController.swift */; };
		49F7A40F1CB43B2C00448BCA /* Main.storyboard in Resources */ = {isa = PBXBuildFile; fileRef = 49F7A40D1CB43B2C00448BCA /* Main.storyboard */; };
		49F7A4111CB43B2C00448BCA /* Assets.xcassets in Resources */ = {isa = PBXBuildFile; fileRef = 49F7A4101CB43B2C00448BCA /* Assets.xcassets */; };
		49F7A4141CB43B2C00448BCA /* LaunchScreen.storyboard in Resources */ = {isa = PBXBuildFile; fileRef = 49F7A4121CB43B2C00448BCA /* LaunchScreen.storyboard */; };
		49F7A41C1CB7685900448BCA /* FindPasswordViewController.swift in Sources */ = {isa = PBXBuildFile; fileRef = 49F7A41B1CB7685900448BCA /* FindPasswordViewController.swift */; };
		49F7A41E1CB7699D00448BCA /* Lib.swift in Sources */ = {isa = PBXBuildFile; fileRef = 49F7A41D1CB7699D00448BCA /* Lib.swift */; };
		49F7A4201CB772F300448BCA /* SetNewPasswordViewController.swift in Sources */ = {isa = PBXBuildFile; fileRef = 49F7A41F1CB772F300448BCA /* SetNewPasswordViewController.swift */; };
		49F7A4221CB8606200448BCA /* HomeTableViewController.swift in Sources */ = {isa = PBXBuildFile; fileRef = 49F7A4211CB8606200448BCA /* HomeTableViewController.swift */; };
/* End PBXBuildFile section */

/* Begin PBXFileReference section */
		490C77931CE3D2630016AD09 /* AccountManagementCollectionViewController.swift */ = {isa = PBXFileReference; fileEncoding = 4; lastKnownFileType = sourcecode.swift; name = AccountManagementCollectionViewController.swift; path = ../AccountManagementCollectionViewController.swift; sourceTree = "<group>"; };
		490C77971CE40A9D0016AD09 /* AccountManagementCollectionViewCell.swift */ = {isa = PBXFileReference; fileEncoding = 4; lastKnownFileType = sourcecode.swift; path = AccountManagementCollectionViewCell.swift; sourceTree = "<group>"; };
		49107E8E1CBC66F60044552E /* ActivityTabelViewCell.swift */ = {isa = PBXFileReference; fileEncoding = 4; lastKnownFileType = sourcecode.swift; path = ActivityTabelViewCell.swift; sourceTree = "<group>"; };
		49107E901CBC6D3A0044552E /* MyActivity.swift */ = {isa = PBXFileReference; fileEncoding = 4; lastKnownFileType = sourcecode.swift; path = MyActivity.swift; sourceTree = "<group>"; };
		49107E921CBC7C3F0044552E /* ActivityDetailTableViewController.swift */ = {isa = PBXFileReference; fileEncoding = 4; lastKnownFileType = sourcecode.swift; path = ActivityDetailTableViewController.swift; sourceTree = "<group>"; };
		495F79D21CE52CF100D51CF9 /* CalenderTableViewController.swift */ = {isa = PBXFileReference; fileEncoding = 4; lastKnownFileType = sourcecode.swift; path = CalenderTableViewController.swift; sourceTree = "<group>"; };
		497A19F31CD03EA7003546B3 /* OrderTableViewController.swift */ = {isa = PBXFileReference; fileEncoding = 4; lastKnownFileType = sourcecode.swift; path = OrderTableViewController.swift; sourceTree = "<group>"; };
		49828A861CC9E51F00CFE283 /* ClubPhotoTableViewCell.swift */ = {isa = PBXFileReference; fileEncoding = 4; lastKnownFileType = sourcecode.swift; path = ClubPhotoTableViewCell.swift; sourceTree = "<group>"; };
		49828A881CC9E5CA00CFE283 /* ClubDetailTableViewController.swift */ = {isa = PBXFileReference; fileEncoding = 4; lastKnownFileType = sourcecode.swift; path = ClubDetailTableViewController.swift; sourceTree = "<group>"; };
		49828A8A1CC9FD8E00CFE283 /* ClubIntroTableViewCell.swift */ = {isa = PBXFileReference; fileEncoding = 4; lastKnownFileType = sourcecode.swift; path = ClubIntroTableViewCell.swift; sourceTree = "<group>"; };
		49828A8E1CCA019400CFE283 /* TeacherIntroTitleTableViewCell.swift */ = {isa = PBXFileReference; fileEncoding = 4; lastKnownFileType = sourcecode.swift; path = TeacherIntroTitleTableViewCell.swift; sourceTree = "<group>"; };
		49828A901CCD58E600CFE283 /* TeacherListTableViewCell.swift */ = {isa = PBXFileReference; fileEncoding = 4; lastKnownFileType = sourcecode.swift; path = TeacherListTableViewCell.swift; sourceTree = "<group>"; };
		49828A921CCD5CE600CFE283 /* ClubActivitiesTitleTableViewCell.swift */ = {isa = PBXFileReference; fileEncoding = 4; lastKnownFileType = sourcecode.swift; path = ClubActivitiesTitleTableViewCell.swift; sourceTree = "<group>"; };
		4986CBBE1CE548BF001C3B65 /* CalenderTableViewCell.swift */ = {isa = PBXFileReference; fileEncoding = 4; lastKnownFileType = sourcecode.swift; path = CalenderTableViewCell.swift; sourceTree = "<group>"; };
		4986CBC21CE5AB5E001C3B65 /* AllOrdersListTableViewController.swift */ = {isa = PBXFileReference; fileEncoding = 4; lastKnownFileType = sourcecode.swift; path = AllOrdersListTableViewController.swift; sourceTree = "<group>"; };
		4986CBC41CE5B5FE001C3B65 /* OrderDetailTableViewCell.swift */ = {isa = PBXFileReference; fileEncoding = 4; lastKnownFileType = sourcecode.swift; path = OrderDetailTableViewCell.swift; sourceTree = "<group>"; };
		4986CBC61CE5B61D001C3B65 /* OrderNextStageStatusTableViewCell.swift */ = {isa = PBXFileReference; fileEncoding = 4; lastKnownFileType = sourcecode.swift; path = OrderNextStageStatusTableViewCell.swift; sourceTree = "<group>"; };
		4986CBCB1CE69847001C3B65 /* MessagesTableViewController.swift */ = {isa = PBXFileReference; fileEncoding = 4; lastKnownFileType = sourcecode.swift; path = MessagesTableViewController.swift; sourceTree = "<group>"; };
		4986CBCD1CE69A6B001C3B65 /* MessageTableViewCell.swift */ = {isa = PBXFileReference; fileEncoding = 4; lastKnownFileType = sourcecode.swift; path = MessageTableViewCell.swift; sourceTree = "<group>"; };
		49A8A7441CC83F0E00F8DC5D /* CommentTableViewCell.swift */ = {isa = PBXFileReference; fileEncoding = 4; lastKnownFileType = sourcecode.swift; path = CommentTableViewCell.swift; sourceTree = "<group>"; };
		49B1D12F1CEE815C00EDD573 /* EnrollInfomationTableViewController.swift */ = {isa = PBXFileReference; fileEncoding = 4; lastKnownFileType = sourcecode.swift; path = EnrollInfomationTableViewController.swift; sourceTree = "<group>"; };
		49B1D1311CEE965A00EDD573 /* ProfileThumbImgTableViewCell.swift */ = {isa = PBXFileReference; fileEncoding = 4; lastKnownFileType = sourcecode.swift; path = ProfileThumbImgTableViewCell.swift; sourceTree = "<group>"; };
		49B1D1331CEE967B00EDD573 /* ProfileOtherInfoTableViewCell.swift */ = {isa = PBXFileReference; fileEncoding = 4; lastKnownFileType = sourcecode.swift; name = ProfileOtherInfoTableViewCell.swift; path = ../ProfileOtherInfoTableViewCell.swift; sourceTree = "<group>"; };
		49B1D1351CEE9AF500EDD573 /* SettingTableViewController.swift */ = {isa = PBXFileReference; fileEncoding = 4; lastKnownFileType = sourcecode.swift; path = SettingTableViewController.swift; sourceTree = "<group>"; };
		49B1D1371CEEA61100EDD573 /* OtherSettingTableViewCell.swift */ = {isa = PBXFileReference; fileEncoding = 4; lastKnownFileType = sourcecode.swift; path = OtherSettingTableViewCell.swift; sourceTree = "<group>"; };
		49B1D1391CEEA63B00EDD573 /* EmptyCacheSettingTableViewCell.swift */ = {isa = PBXFileReference; fileEncoding = 4; lastKnownFileType = sourcecode.swift; path = EmptyCacheSettingTableViewCell.swift; sourceTree = "<group>"; };
		49B1D13B1CEEA65500EDD573 /* VersionSettingTableViewCell.swift */ = {isa = PBXFileReference; fileEncoding = 4; lastKnownFileType = sourcecode.swift; path = VersionSettingTableViewCell.swift; sourceTree = "<group>"; };
		49B1D13D1CEED32D00EDD573 /* ExistingOrderDetailsTableViewController.swift */ = {isa = PBXFileReference; fileEncoding = 4; lastKnownFileType = sourcecode.swift; path = ExistingOrderDetailsTableViewController.swift; sourceTree = "<group>"; };
		49F7A4061CB43B2C00448BCA /* GDong.app */ = {isa = PBXFileReference; explicitFileType = wrapper.application; includeInIndex = 0; path = GDong.app; sourceTree = BUILT_PRODUCTS_DIR; };
		49F7A4091CB43B2C00448BCA /* AppDelegate.swift */ = {isa = PBXFileReference; lastKnownFileType = sourcecode.swift; path = AppDelegate.swift; sourceTree = "<group>"; };
		49F7A40B1CB43B2C00448BCA /* ViewController.swift */ = {isa = PBXFileReference; lastKnownFileType = sourcecode.swift; path = ViewController.swift; sourceTree = "<group>"; };
		49F7A40E1CB43B2C00448BCA /* Base */ = {isa = PBXFileReference; lastKnownFileType = file.storyboard; name = Base; path = Base.lproj/Main.storyboard; sourceTree = "<group>"; };
		49F7A4101CB43B2C00448BCA /* Assets.xcassets */ = {isa = PBXFileReference; lastKnownFileType = folder.assetcatalog; path = Assets.xcassets; sourceTree = "<group>"; };
		49F7A4131CB43B2C00448BCA /* Base */ = {isa = PBXFileReference; lastKnownFileType = file.storyboard; name = Base; path = Base.lproj/LaunchScreen.storyboard; sourceTree = "<group>"; };
		49F7A4151CB43B2C00448BCA /* Info.plist */ = {isa = PBXFileReference; lastKnownFileType = text.plist.xml; path = Info.plist; sourceTree = "<group>"; };
		49F7A41B1CB7685900448BCA /* FindPasswordViewController.swift */ = {isa = PBXFileReference; fileEncoding = 4; lastKnownFileType = sourcecode.swift; path = FindPasswordViewController.swift; sourceTree = "<group>"; };
		49F7A41D1CB7699D00448BCA /* Lib.swift */ = {isa = PBXFileReference; fileEncoding = 4; lastKnownFileType = sourcecode.swift; path = Lib.swift; sourceTree = "<group>"; };
		49F7A41F1CB772F300448BCA /* SetNewPasswordViewController.swift */ = {isa = PBXFileReference; fileEncoding = 4; lastKnownFileType = sourcecode.swift; path = SetNewPasswordViewController.swift; sourceTree = "<group>"; };
		49F7A4211CB8606200448BCA /* HomeTableViewController.swift */ = {isa = PBXFileReference; fileEncoding = 4; lastKnownFileType = sourcecode.swift; path = HomeTableViewController.swift; sourceTree = "<group>"; };
/* End PBXFileReference section */

/* Begin PBXFrameworksBuildPhase section */
		49F7A4031CB43B2C00448BCA /* Frameworks */ = {
			isa = PBXFrameworksBuildPhase;
			buildActionMask = 2147483647;
			files = (
			);
			runOnlyForDeploymentPostprocessing = 0;
		};
/* End PBXFrameworksBuildPhase section */

/* Begin PBXGroup section */
		493FAA531CE43853009DA287 /* UserCenter */ = {
			isa = PBXGroup;
			children = (
				49B1D13F1CEED34400EDD573 /* AllOrders */,
				4986CBC81CE68229001C3B65 /* ViewCells */,
				490C77931CE3D2630016AD09 /* AccountManagementCollectionViewController.swift */,
				495F79D21CE52CF100D51CF9 /* CalenderTableViewController.swift */,
				4986CBC21CE5AB5E001C3B65 /* AllOrdersListTableViewController.swift */,
				4986CBCB1CE69847001C3B65 /* MessagesTableViewController.swift */,
				49B1D12F1CEE815C00EDD573 /* EnrollInfomationTableViewController.swift */,
				49B1D1351CEE9AF500EDD573 /* SettingTableViewController.swift */,
			);
			name = UserCenter;
			sourceTree = "<group>";
		};
		49828A8C1CC9FF5400CFE283 /* ClubDetail */ = {
			isa = PBXGroup;
			children = (
				49828A8E1CCA019400CFE283 /* TeacherIntroTitleTableViewCell.swift */,
				49828A861CC9E51F00CFE283 /* ClubPhotoTableViewCell.swift */,
				49828A8A1CC9FD8E00CFE283 /* ClubIntroTableViewCell.swift */,
				49828A901CCD58E600CFE283 /* TeacherListTableViewCell.swift */,
				49828A921CCD5CE600CFE283 /* ClubActivitiesTitleTableViewCell.swift */,
			);
			name = ClubDetail;
			sourceTree = "<group>";
		};
		49828A8D1CC9FF7900CFE283 /* ActivityDetail */ = {
			isa = PBXGroup;
			children = (
				49A8A7441CC83F0E00F8DC5D /* CommentTableViewCell.swift */,
				49107E8E1CBC66F60044552E /* ActivityTabelViewCell.swift */,
			);
			name = ActivityDetail;
			sourceTree = "<group>";
		};
		4986CBC81CE68229001C3B65 /* ViewCells */ = {
			isa = PBXGroup;
			children = (
				49B1D13B1CEEA65500EDD573 /* VersionSettingTableViewCell.swift */,
				49B1D1391CEEA63B00EDD573 /* EmptyCacheSettingTableViewCell.swift */,
				49B1D1371CEEA61100EDD573 /* OtherSettingTableViewCell.swift */,
				49B1D1331CEE967B00EDD573 /* ProfileOtherInfoTableViewCell.swift */,
				49B1D1311CEE965A00EDD573 /* ProfileThumbImgTableViewCell.swift */,
				4986CBCD1CE69A6B001C3B65 /* MessageTableViewCell.swift */,
				490C77971CE40A9D0016AD09 /* AccountManagementCollectionViewCell.swift */,
				4986CBBE1CE548BF001C3B65 /* CalenderTableViewCell.swift */,
				4986CBC41CE5B5FE001C3B65 /* OrderDetailTableViewCell.swift */,
				4986CBC61CE5B61D001C3B65 /* OrderNextStageStatusTableViewCell.swift */,
			);
			name = ViewCells;
			sourceTree = "<group>";
		};
		49B1D13F1CEED34400EDD573 /* AllOrders */ = {
			isa = PBXGroup;
			children = (
				49B1D13D1CEED32D00EDD573 /* ExistingOrderDetailsTableViewController.swift */,
			);
			name = AllOrders;
			sourceTree = "<group>";
		};
		49F7A3FD1CB43B2C00448BCA = {
			isa = PBXGroup;
			children = (
				49F7A4081CB43B2C00448BCA /* GDong */,
				49F7A4071CB43B2C00448BCA /* Products */,
			);
			sourceTree = "<group>";
		};
		49F7A4071CB43B2C00448BCA /* Products */ = {
			isa = PBXGroup;
			children = (
				49F7A4061CB43B2C00448BCA /* GDong.app */,
			);
			name = Products;
			sourceTree = "<group>";
		};
		49F7A4081CB43B2C00448BCA /* GDong */ = {
			isa = PBXGroup;
			children = (
				493FAA531CE43853009DA287 /* UserCenter */,
				49828A8D1CC9FF7900CFE283 /* ActivityDetail */,
				49828A8C1CC9FF5400CFE283 /* ClubDetail */,
				49F7A4091CB43B2C00448BCA /* AppDelegate.swift */,
				49F7A40B1CB43B2C00448BCA /* ViewController.swift */,
				49F7A41D1CB7699D00448BCA /* Lib.swift */,
				49F7A41F1CB772F300448BCA /* SetNewPasswordViewController.swift */,
				49F7A40D1CB43B2C00448BCA /* Main.storyboard */,
				497A19F31CD03EA7003546B3 /* OrderTableViewController.swift */,
				49828A881CC9E5CA00CFE283 /* ClubDetailTableViewController.swift */,
				49107E921CBC7C3F0044552E /* ActivityDetailTableViewController.swift */,
				49F7A4211CB8606200448BCA /* HomeTableViewController.swift */,
				49107E901CBC6D3A0044552E /* MyActivity.swift */,
				49F7A41B1CB7685900448BCA /* FindPasswordViewController.swift */,
				49F7A4101CB43B2C00448BCA /* Assets.xcassets */,
				49F7A4121CB43B2C00448BCA /* LaunchScreen.storyboard */,
				49F7A4151CB43B2C00448BCA /* Info.plist */,
			);
			path = GDong;
			sourceTree = "<group>";
		};
/* End PBXGroup section */

/* Begin PBXNativeTarget section */
		49F7A4051CB43B2C00448BCA /* GDong */ = {
			isa = PBXNativeTarget;
			buildConfigurationList = 49F7A4181CB43B2C00448BCA /* Build configuration list for PBXNativeTarget "GDong" */;
			buildPhases = (
				49F7A4021CB43B2C00448BCA /* Sources */,
				49F7A4031CB43B2C00448BCA /* Frameworks */,
				49F7A4041CB43B2C00448BCA /* Resources */,
			);
			buildRules = (
			);
			dependencies = (
			);
			name = GDong;
			productName = GDong;
			productReference = 49F7A4061CB43B2C00448BCA /* GDong.app */;
			productType = "com.apple.product-type.application";
		};
/* End PBXNativeTarget section */

/* Begin PBXProject section */
		49F7A3FE1CB43B2C00448BCA /* Project object */ = {
			isa = PBXProject;
			attributes = {
				LastSwiftUpdateCheck = 0720;
				LastUpgradeCheck = 0720;
				ORGANIZATIONNAME = JuanChen;
				TargetAttributes = {
					49F7A4051CB43B2C00448BCA = {
						CreatedOnToolsVersion = 7.2.1;
					};
				};
			};
			buildConfigurationList = 49F7A4011CB43B2C00448BCA /* Build configuration list for PBXProject "GDong" */;
			compatibilityVersion = "Xcode 3.2";
			developmentRegion = English;
			hasScannedForEncodings = 0;
			knownRegions = (
				en,
				Base,
			);
			mainGroup = 49F7A3FD1CB43B2C00448BCA;
			productRefGroup = 49F7A4071CB43B2C00448BCA /* Products */;
			projectDirPath = "";
			projectRoot = "";
			targets = (
				49F7A4051CB43B2C00448BCA /* GDong */,
			);
		};
/* End PBXProject section */

/* Begin PBXResourcesBuildPhase section */
		49F7A4041CB43B2C00448BCA /* Resources */ = {
			isa = PBXResourcesBuildPhase;
			buildActionMask = 2147483647;
			files = (
				49F7A4141CB43B2C00448BCA /* LaunchScreen.storyboard in Resources */,
				49F7A4111CB43B2C00448BCA /* Assets.xcassets in Resources */,
				49F7A40F1CB43B2C00448BCA /* Main.storyboard in Resources */,
			);
			runOnlyForDeploymentPostprocessing = 0;
		};
/* End PBXResourcesBuildPhase section */

/* Begin PBXSourcesBuildPhase section */
		49F7A4021CB43B2C00448BCA /* Sources */ = {
			isa = PBXSourcesBuildPhase;
			buildActionMask = 2147483647;
			files = (
				49B1D13C1CEEA65500EDD573 /* VersionSettingTableViewCell.swift in Sources */,
				49828A8F1CCA019400CFE283 /* TeacherIntroTitleTableViewCell.swift in Sources */,
				49828A931CCD5CE600CFE283 /* ClubActivitiesTitleTableViewCell.swift in Sources */,
				497A19F41CD03EA7003546B3 /* OrderTableViewController.swift in Sources */,
				49107E911CBC6D3A0044552E /* MyActivity.swift in Sources */,
				49828A911CCD58E600CFE283 /* TeacherListTableViewCell.swift in Sources */,
				49B1D1381CEEA61100EDD573 /* OtherSettingTableViewCell.swift in Sources */,
				490C77981CE40A9D0016AD09 /* AccountManagementCollectionViewCell.swift in Sources */,
				49F7A4221CB8606200448BCA /* HomeTableViewController.swift in Sources */,
				4986CBCE1CE69A6B001C3B65 /* MessageTableViewCell.swift in Sources */,
				49828A891CC9E5CA00CFE283 /* ClubDetailTableViewController.swift in Sources */,
				49F7A40C1CB43B2C00448BCA /* ViewController.swift in Sources */,
				4986CBBF1CE548BF001C3B65 /* CalenderTableViewCell.swift in Sources */,
				49107E931CBC7C3F0044552E /* ActivityDetailTableViewController.swift in Sources */,
				4986CBC51CE5B5FE001C3B65 /* OrderDetailTableViewCell.swift in Sources */,
				4986CBC31CE5AB5E001C3B65 /* AllOrdersListTableViewController.swift in Sources */,
				49B1D1321CEE965A00EDD573 /* ProfileThumbImgTableViewCell.swift in Sources */,
				49B1D1341CEE967B00EDD573 /* ProfileOtherInfoTableViewCell.swift in Sources */,
				49828A8B1CC9FD8E00CFE283 /* ClubIntroTableViewCell.swift in Sources */,
				49F7A41E1CB7699D00448BCA /* Lib.swift in Sources */,
				49B1D13A1CEEA63B00EDD573 /* EmptyCacheSettingTableViewCell.swift in Sources */,
				49F7A41C1CB7685900448BCA /* FindPasswordViewController.swift in Sources */,
				49B1D1301CEE815C00EDD573 /* EnrollInfomationTableViewController.swift in Sources */,
				49107E8F1CBC66F60044552E /* ActivityTabelViewCell.swift in Sources */,
				490C77941CE3D2630016AD09 /* AccountManagementCollectionViewController.swift in Sources */,
				49A8A7451CC83F0E00F8DC5D /* CommentTableViewCell.swift in Sources */,
				4986CBCC1CE69847001C3B65 /* MessagesTableViewController.swift in Sources */,
				49B1D13E1CEED32D00EDD573 /* ExistingOrderDetailsTableViewController.swift in Sources */,
				49B1D1361CEE9AF500EDD573 /* SettingTableViewController.swift in Sources */,
				49F7A40A1CB43B2C00448BCA /* AppDelegate.swift in Sources */,
				49828A871CC9E51F00CFE283 /* ClubPhotoTableViewCell.swift in Sources */,
				4986CBC71CE5B61D001C3B65 /* OrderNextStageStatusTableViewCell.swift in Sources */,
				49F7A4201CB772F300448BCA /* SetNewPasswordViewController.swift in Sources */,
				495F79D31CE52CF100D51CF9 /* CalenderTableViewController.swift in Sources */,
			);
			runOnlyForDeploymentPostprocessing = 0;
		};
/* End PBXSourcesBuildPhase section */

/* Begin PBXVariantGroup section */
		49F7A40D1CB43B2C00448BCA /* Main.storyboard */ = {
			isa = PBXVariantGroup;
			children = (
				49F7A40E1CB43B2C00448BCA /* Base */,
			);
			name = Main.storyboard;
			sourceTree = "<group>";
		};
		49F7A4121CB43B2C00448BCA /* LaunchScreen.storyboard */ = {
			isa = PBXVariantGroup;
			children = (
				49F7A4131CB43B2C00448BCA /* Base */,
			);
			name = LaunchScreen.storyboard;
			sourceTree = "<group>";
		};
/* End PBXVariantGroup section */

/* Begin XCBuildConfiguration section */
		49F7A4161CB43B2C00448BCA /* Debug */ = {
			isa = XCBuildConfiguration;
			buildSettings = {
				ALWAYS_SEARCH_USER_PATHS = NO;
				CLANG_CXX_LANGUAGE_STANDARD = "gnu++0x";
				CLANG_CXX_LIBRARY = "libc++";
				CLANG_ENABLE_MODULES = YES;
				CLANG_ENABLE_OBJC_ARC = YES;
				CLANG_WARN_BOOL_CONVERSION = YES;
				CLANG_WARN_CONSTANT_CONVERSION = YES;
				CLANG_WARN_DIRECT_OBJC_ISA_USAGE = YES_ERROR;
				CLANG_WARN_EMPTY_BODY = YES;
				CLANG_WARN_ENUM_CONVERSION = YES;
				CLANG_WARN_INT_CONVERSION = YES;
				CLANG_WARN_OBJC_ROOT_CLASS = YES_ERROR;
				CLANG_WARN_UNREACHABLE_CODE = YES;
				CLANG_WARN__DUPLICATE_METHOD_MATCH = YES;
				"CODE_SIGN_IDENTITY[sdk=iphoneos*]" = "iPhone Developer";
				COPY_PHASE_STRIP = NO;
				DEBUG_INFORMATION_FORMAT = dwarf;
				ENABLE_STRICT_OBJC_MSGSEND = YES;
				ENABLE_TESTABILITY = YES;
				GCC_C_LANGUAGE_STANDARD = gnu99;
				GCC_DYNAMIC_NO_PIC = NO;
				GCC_NO_COMMON_BLOCKS = YES;
				GCC_OPTIMIZATION_LEVEL = 0;
				GCC_PREPROCESSOR_DEFINITIONS = (
					"DEBUG=1",
					"$(inherited)",
				);
				GCC_WARN_64_TO_32_BIT_CONVERSION = YES;
				GCC_WARN_ABOUT_RETURN_TYPE = YES_ERROR;
				GCC_WARN_UNDECLARED_SELECTOR = YES;
				GCC_WARN_UNINITIALIZED_AUTOS = YES_AGGRESSIVE;
				GCC_WARN_UNUSED_FUNCTION = YES;
				GCC_WARN_UNUSED_VARIABLE = YES;
				IPHONEOS_DEPLOYMENT_TARGET = 9.2;
				MTL_ENABLE_DEBUG_INFO = YES;
				ONLY_ACTIVE_ARCH = YES;
				SDKROOT = iphoneos;
				SWIFT_OPTIMIZATION_LEVEL = "-Onone";
				TARGETED_DEVICE_FAMILY = "1,2";
			};
			name = Debug;
		};
		49F7A4171CB43B2C00448BCA /* Release */ = {
			isa = XCBuildConfiguration;
			buildSettings = {
				ALWAYS_SEARCH_USER_PATHS = NO;
				CLANG_CXX_LANGUAGE_STANDARD = "gnu++0x";
				CLANG_CXX_LIBRARY = "libc++";
				CLANG_ENABLE_MODULES = YES;
				CLANG_ENABLE_OBJC_ARC = YES;
				CLANG_WARN_BOOL_CONVERSION = YES;
				CLANG_WARN_CONSTANT_CONVERSION = YES;
				CLANG_WARN_DIRECT_OBJC_ISA_USAGE = YES_ERROR;
				CLANG_WARN_EMPTY_BODY = YES;
				CLANG_WARN_ENUM_CONVERSION = YES;
				CLANG_WARN_INT_CONVERSION = YES;
				CLANG_WARN_OBJC_ROOT_CLASS = YES_ERROR;
				CLANG_WARN_UNREACHABLE_CODE = YES;
				CLANG_WARN__DUPLICATE_METHOD_MATCH = YES;
				"CODE_SIGN_IDENTITY[sdk=iphoneos*]" = "iPhone Developer";
				COPY_PHASE_STRIP = NO;
				DEBUG_INFORMATION_FORMAT = "dwarf-with-dsym";
				ENABLE_NS_ASSERTIONS = NO;
				ENABLE_STRICT_OBJC_MSGSEND = YES;
				GCC_C_LANGUAGE_STANDARD = gnu99;
				GCC_NO_COMMON_BLOCKS = YES;
				GCC_WARN_64_TO_32_BIT_CONVERSION = YES;
				GCC_WARN_ABOUT_RETURN_TYPE = YES_ERROR;
				GCC_WARN_UNDECLARED_SELECTOR = YES;
				GCC_WARN_UNINITIALIZED_AUTOS = YES_AGGRESSIVE;
				GCC_WARN_UNUSED_FUNCTION = YES;
				GCC_WARN_UNUSED_VARIABLE = YES;
				IPHONEOS_DEPLOYMENT_TARGET = 9.2;
				MTL_ENABLE_DEBUG_INFO = NO;
				SDKROOT = iphoneos;
				TARGETED_DEVICE_FAMILY = "1,2";
				VALIDATE_PRODUCT = YES;
			};
			name = Release;
		};
		49F7A4191CB43B2C00448BCA /* Debug */ = {
			isa = XCBuildConfiguration;
			buildSettings = {
				ASSETCATALOG_COMPILER_APPICON_NAME = AppIcon;
				INFOPLIST_FILE = GDong/Info.plist;
				IPHONEOS_DEPLOYMENT_TARGET = 9.2;
				LD_RUNPATH_SEARCH_PATHS = "$(inherited) @executable_path/Frameworks";
				PRODUCT_BUNDLE_IDENTIFIER = com.GDong;
				PRODUCT_NAME = "$(TARGET_NAME)";
			};
			name = Debug;
		};
		49F7A41A1CB43B2C00448BCA /* Release */ = {
			isa = XCBuildConfiguration;
			buildSettings = {
				ASSETCATALOG_COMPILER_APPICON_NAME = AppIcon;
				INFOPLIST_FILE = GDong/Info.plist;
				IPHONEOS_DEPLOYMENT_TARGET = 9.2;
				LD_RUNPATH_SEARCH_PATHS = "$(inherited) @executable_path/Frameworks";
				PRODUCT_BUNDLE_IDENTIFIER = com.GDong;
				PRODUCT_NAME = "$(TARGET_NAME)";
			};
			name = Release;
		};
/* End XCBuildConfiguration section */

/* Begin XCConfigurationList section */
		49F7A4011CB43B2C00448BCA /* Build configuration list for PBXProject "GDong" */ = {
			isa = XCConfigurationList;
			buildConfigurations = (
				49F7A4161CB43B2C00448BCA /* Debug */,
				49F7A4171CB43B2C00448BCA /* Release */,
			);
			defaultConfigurationIsVisible = 0;
			defaultConfigurationName = Release;
		};
		49F7A4181CB43B2C00448BCA /* Build configuration list for PBXNativeTarget "GDong" */ = {
			isa = XCConfigurationList;
			buildConfigurations = (
				49F7A4191CB43B2C00448BCA /* Debug */,
				49F7A41A1CB43B2C00448BCA /* Release */,
			);
			defaultConfigurationIsVisible = 0;
			defaultConfigurationName = Release;
		};
/* End XCConfigurationList section */
	};
	rootObject = 49F7A3FE1CB43B2C00448BCA /* Project object */;
}
