// !$*UTF8*$!
{
	archiveVersion = 1;
	classes = {
	};
	objectVersion = 46;
	objects = {

/* Begin PBXBuildFile section */
		49107E8F1CBC66F60044552E /* ActivityTabelViewCell.swift in Sources */ = {isa = PBXBuildFile; fileRef = 49107E8E1CBC66F60044552E /* ActivityTabelViewCell.swift */; };
		49107E911CBC6D3A0044552E /* MyActivity.swift in Sources */ = {isa = PBXBuildFile; fileRef = 49107E901CBC6D3A0044552E /* MyActivity.swift */; };
		49107E931CBC7C3F0044552E /* ActivityDetailTableViewController.swift in Sources */ = {isa = PBXBuildFile; fileRef = 49107E921CBC7C3F0044552E /* ActivityDetailTableViewController.swift */; };
		49F7A40A1CB43B2C00448BCA /* AppDelegate.swift in Sources */ = {isa = PBXBuildFile; fileRef = 49F7A4091CB43B2C00448BCA /* AppDelegate.swift */; };
		49F7A40C1CB43B2C00448BCA /* ViewController.swift in Sources */ = {isa = PBXBuildFile; fileRef = 49F7A40B1CB43B2C00448BCA /* ViewController.swift */; };
		49F7A40F1CB43B2C00448BCA /* Main.storyboard in Resources */ = {isa = PBXBuildFile; fileRef = 49F7A40D1CB43B2C00448BCA /* Main.storyboard */; };
		49F7A4111CB43B2C00448BCA /* Assets.xcassets in Resources */ = {isa = PBXBuildFile; fileRef = 49F7A4101CB43B2C00448BCA /* Assets.xcassets */; };
		49F7A4141CB43B2C00448BCA /* LaunchScreen.storyboard in Resources */ = {isa = PBXBuildFile; fileRef = 49F7A4121CB43B2C00448BCA /* LaunchScreen.storyboard */; };
		49F7A41C1CB7685900448BCA /* FindPasswordViewController.swift in Sources */ = {isa = PBXBuildFile; fileRef = 49F7A41B1CB7685900448BCA /* FindPasswordViewController.swift */; };
		49F7A41E1CB7699D00448BCA /* LIB.swift in Sources */ = {isa = PBXBuildFile; fileRef = 49F7A41D1CB7699D00448BCA /* LIB.swift */; };
		49F7A4201CB772F300448BCA /* SetNewPasswordViewController.swift in Sources */ = {isa = PBXBuildFile; fileRef = 49F7A41F1CB772F300448BCA /* SetNewPasswordViewController.swift */; };
		49F7A4221CB8606200448BCA /* HomeTableViewController.swift in Sources */ = {isa = PBXBuildFile; fileRef = 49F7A4211CB8606200448BCA /* HomeTableViewController.swift */; };
/* End PBXBuildFile section */

/* Begin PBXFileReference section */
		49107E8E1CBC66F60044552E /* ActivityTabelViewCell.swift */ = {isa = PBXFileReference; fileEncoding = 4; lastKnownFileType = sourcecode.swift; path = ActivityTabelViewCell.swift; sourceTree = "<group>"; };
		49107E901CBC6D3A0044552E /* MyActivity.swift */ = {isa = PBXFileReference; fileEncoding = 4; lastKnownFileType = sourcecode.swift; path = MyActivity.swift; sourceTree = "<group>"; };
		49107E921CBC7C3F0044552E /* ActivityDetailTableViewController.swift */ = {isa = PBXFileReference; fileEncoding = 4; lastKnownFileType = sourcecode.swift; path = ActivityDetailTableViewController.swift; sourceTree = "<group>"; };
		49F7A4061CB43B2C00448BCA /* GDong.app */ = {isa = PBXFileReference; explicitFileType = wrapper.application; includeInIndex = 0; path = GDong.app; sourceTree = BUILT_PRODUCTS_DIR; };
		49F7A4091CB43B2C00448BCA /* AppDelegate.swift */ = {isa = PBXFileReference; lastKnownFileType = sourcecode.swift; path = AppDelegate.swift; sourceTree = "<group>"; };
		49F7A40B1CB43B2C00448BCA /* ViewController.swift */ = {isa = PBXFileReference; lastKnownFileType = sourcecode.swift; path = ViewController.swift; sourceTree = "<group>"; };
		49F7A40E1CB43B2C00448BCA /* Base */ = {isa = PBXFileReference; lastKnownFileType = file.storyboard; name = Base; path = Base.lproj/Main.storyboard; sourceTree = "<group>"; };
		49F7A4101CB43B2C00448BCA /* Assets.xcassets */ = {isa = PBXFileReference; lastKnownFileType = folder.assetcatalog; path = Assets.xcassets; sourceTree = "<group>"; };
		49F7A4131CB43B2C00448BCA /* Base */ = {isa = PBXFileReference; lastKnownFileType = file.storyboard; name = Base; path = Base.lproj/LaunchScreen.storyboard; sourceTree = "<group>"; };
		49F7A4151CB43B2C00448BCA /* Info.plist */ = {isa = PBXFileReference; lastKnownFileType = text.plist.xml; path = Info.plist; sourceTree = "<group>"; };
		49F7A41B1CB7685900448BCA /* FindPasswordViewController.swift */ = {isa = PBXFileReference; fileEncoding = 4; lastKnownFileType = sourcecode.swift; path = FindPasswordViewController.swift; sourceTree = "<group>"; };
		49F7A41D1CB7699D00448BCA /* LIB.swift */ = {isa = PBXFileReference; fileEncoding = 4; lastKnownFileType = sourcecode.swift; path = LIB.swift; sourceTree = "<group>"; };
		49F7A41F1CB772F300448BCA /* SetNewPasswordViewController.swift */ = {isa = PBXFileReference; fileEncoding = 4; lastKnownFileType = sourcecode.swift; path = SetNewPasswordViewController.swift; sourceTree = "<group>"; };
		49F7A4211CB8606200448BCA /* HomeTableViewController.swift */ = {isa = PBXFileReference; fileEncoding = 4; lastKnownFileType = sourcecode.swift; path = HomeTableViewController.swift; sourceTree = "<group>"; };
/* End PBXFileReference section */

/* Begin PBXFrameworksBuildPhase section */
		49F7A4031CB43B2C00448BCA /* Frameworks */ = {
			isa = PBXFrameworksBuildPhase;
			buildActionMask = 2147483647;
			files = (
			);
			runOnlyForDeploymentPostprocessing = 0;
		};
/* End PBXFrameworksBuildPhase section */

/* Begin PBXGroup section */
		49F7A3FD1CB43B2C00448BCA = {
			isa = PBXGroup;
			children = (
				49F7A4081CB43B2C00448BCA /* GDong */,
				49F7A4071CB43B2C00448BCA /* Products */,
			);
			sourceTree = "<group>";
		};
		49F7A4071CB43B2C00448BCA /* Products */ = {
			isa = PBXGroup;
			children = (
				49F7A4061CB43B2C00448BCA /* GDong.app */,
			);
			name = Products;
			sourceTree = "<group>";
		};
		49F7A4081CB43B2C00448BCA /* GDong */ = {
			isa = PBXGroup;
			children = (
				49F7A4091CB43B2C00448BCA /* AppDelegate.swift */,
				49F7A40B1CB43B2C00448BCA /* ViewController.swift */,
				49F7A41D1CB7699D00448BCA /* LIB.swift */,
				49F7A41F1CB772F300448BCA /* SetNewPasswordViewController.swift */,
				49F7A40D1CB43B2C00448BCA /* Main.storyboard */,
				49107E921CBC7C3F0044552E /* ActivityDetailTableViewController.swift */,
				49107E8E1CBC66F60044552E /* ActivityTabelViewCell.swift */,
				49F7A4211CB8606200448BCA /* HomeTableViewController.swift */,
				49107E901CBC6D3A0044552E /* MyActivity.swift */,
				49F7A41B1CB7685900448BCA /* FindPasswordViewController.swift */,
				49F7A4101CB43B2C00448BCA /* Assets.xcassets */,
				49F7A4121CB43B2C00448BCA /* LaunchScreen.storyboard */,
				49F7A4151CB43B2C00448BCA /* Info.plist */,
			);
			path = GDong;
			sourceTree = "<group>";
		};
/* End PBXGroup section */

/* Begin PBXNativeTarget section */
		49F7A4051CB43B2C00448BCA /* GDong */ = {
			isa = PBXNativeTarget;
			buildConfigurationList = 49F7A4181CB43B2C00448BCA /* Build configuration list for PBXNativeTarget "GDong" */;
			buildPhases = (
				49F7A4021CB43B2C00448BCA /* Sources */,
				49F7A4031CB43B2C00448BCA /* Frameworks */,
				49F7A4041CB43B2C00448BCA /* Resources */,
			);
			buildRules = (
			);
			dependencies = (
			);
			name = GDong;
			productName = GDong;
			productReference = 49F7A4061CB43B2C00448BCA /* GDong.app */;
			productType = "com.apple.product-type.application";
		};
/* End PBXNativeTarget section */

/* Begin PBXProject section */
		49F7A3FE1CB43B2C00448BCA /* Project object */ = {
			isa = PBXProject;
			attributes = {
				LastSwiftUpdateCheck = 0720;
				LastUpgradeCheck = 0720;
				ORGANIZATIONNAME = JuanChen;
				TargetAttributes = {
					49F7A4051CB43B2C00448BCA = {
						CreatedOnToolsVersion = 7.2.1;
					};
				};
			};
			buildConfigurationList = 49F7A4011CB43B2C00448BCA /* Build configuration list for PBXProject "GDong" */;
			compatibilityVersion = "Xcode 3.2";
			developmentRegion = English;
			hasScannedForEncodings = 0;
			knownRegions = (
				en,
				Base,
			);
			mainGroup = 49F7A3FD1CB43B2C00448BCA;
			productRefGroup = 49F7A4071CB43B2C00448BCA /* Products */;
			projectDirPath = "";
			projectRoot = "";
			targets = (
				49F7A4051CB43B2C00448BCA /* GDong */,
			);
		};
/* End PBXProject section */

/* Begin PBXResourcesBuildPhase section */
		49F7A4041CB43B2C00448BCA /* Resources */ = {
			isa = PBXResourcesBuildPhase;
			buildActionMask = 2147483647;
			files = (
				49F7A4141CB43B2C00448BCA /* LaunchScreen.storyboard in Resources */,
				49F7A4111CB43B2C00448BCA /* Assets.xcassets in Resources */,
				49F7A40F1CB43B2C00448BCA /* Main.storyboard in Resources */,
			);
			runOnlyForDeploymentPostprocessing = 0;
		};
/* End PBXResourcesBuildPhase section */

/* Begin PBXSourcesBuildPhase section */
		49F7A4021CB43B2C00448BCA /* Sources */ = {
			isa = PBXSourcesBuildPhase;
			buildActionMask = 2147483647;
			files = (
				49107E911CBC6D3A0044552E /* MyActivity.swift in Sources */,
				49F7A4221CB8606200448BCA /* HomeTableViewController.swift in Sources */,
				49F7A40C1CB43B2C00448BCA /* ViewController.swift in Sources */,
				49107E931CBC7C3F0044552E /* ActivityDetailTableViewController.swift in Sources */,
				49F7A41E1CB7699D00448BCA /* LIB.swift in Sources */,
				49F7A41C1CB7685900448BCA /* FindPasswordViewController.swift in Sources */,
				49107E8F1CBC66F60044552E /* ActivityTabelViewCell.swift in Sources */,
				49F7A40A1CB43B2C00448BCA /* AppDelegate.swift in Sources */,
				49F7A4201CB772F300448BCA /* SetNewPasswordViewController.swift in Sources */,
			);
			runOnlyForDeploymentPostprocessing = 0;
		};
/* End PBXSourcesBuildPhase section */

/* Begin PBXVariantGroup section */
		49F7A40D1CB43B2C00448BCA /* Main.storyboard */ = {
			isa = PBXVariantGroup;
			children = (
				49F7A40E1CB43B2C00448BCA /* Base */,
			);
			name = Main.storyboard;
			sourceTree = "<group>";
		};
		49F7A4121CB43B2C00448BCA /* LaunchScreen.storyboard */ = {
			isa = PBXVariantGroup;
			children = (
				49F7A4131CB43B2C00448BCA /* Base */,
			);
			name = LaunchScreen.storyboard;
			sourceTree = "<group>";
		};
/* End PBXVariantGroup section */

/* Begin XCBuildConfiguration section */
		49F7A4161CB43B2C00448BCA /* Debug */ = {
			isa = XCBuildConfiguration;
			buildSettings = {
				ALWAYS_SEARCH_USER_PATHS = NO;
				CLANG_CXX_LANGUAGE_STANDARD = "gnu++0x";
				CLANG_CXX_LIBRARY = "libc++";
				CLANG_ENABLE_MODULES = YES;
				CLANG_ENABLE_OBJC_ARC = YES;
				CLANG_WARN_BOOL_CONVERSION = YES;
				CLANG_WARN_CONSTANT_CONVERSION = YES;
				CLANG_WARN_DIRECT_OBJC_ISA_USAGE = YES_ERROR;
				CLANG_WARN_EMPTY_BODY = YES;
				CLANG_WARN_ENUM_CONVERSION = YES;
				CLANG_WARN_INT_CONVERSION = YES;
				CLANG_WARN_OBJC_ROOT_CLASS = YES_ERROR;
				CLANG_WARN_UNREACHABLE_CODE = YES;
				CLANG_WARN__DUPLICATE_METHOD_MATCH = YES;
				"CODE_SIGN_IDENTITY[sdk=iphoneos*]" = "iPhone Developer";
				COPY_PHASE_STRIP = NO;
				DEBUG_INFORMATION_FORMAT = dwarf;
				ENABLE_STRICT_OBJC_MSGSEND = YES;
				ENABLE_TESTABILITY = YES;
				GCC_C_LANGUAGE_STANDARD = gnu99;
				GCC_DYNAMIC_NO_PIC = NO;
				GCC_NO_COMMON_BLOCKS = YES;
				GCC_OPTIMIZATION_LEVEL = 0;
				GCC_PREPROCESSOR_DEFINITIONS = (
					"DEBUG=1",
					"$(inherited)",
				);
				GCC_WARN_64_TO_32_BIT_CONVERSION = YES;
				GCC_WARN_ABOUT_RETURN_TYPE = YES_ERROR;
				GCC_WARN_UNDECLARED_SELECTOR = YES;
				GCC_WARN_UNINITIALIZED_AUTOS = YES_AGGRESSIVE;
				GCC_WARN_UNUSED_FUNCTION = YES;
				GCC_WARN_UNUSED_VARIABLE = YES;
				IPHONEOS_DEPLOYMENT_TARGET = 9.2;
				MTL_ENABLE_DEBUG_INFO = YES;
				ONLY_ACTIVE_ARCH = YES;
				SDKROOT = iphoneos;
				SWIFT_OPTIMIZATION_LEVEL = "-Onone";
				TARGETED_DEVICE_FAMILY = "1,2";
			};
			name = Debug;
		};
		49F7A4171CB43B2C00448BCA /* Release */ = {
			isa = XCBuildConfiguration;
			buildSettings = {
				ALWAYS_SEARCH_USER_PATHS = NO;
				CLANG_CXX_LANGUAGE_STANDARD = "gnu++0x";
				CLANG_CXX_LIBRARY = "libc++";
				CLANG_ENABLE_MODULES = YES;
				CLANG_ENABLE_OBJC_ARC = YES;
				CLANG_WARN_BOOL_CONVERSION = YES;
				CLANG_WARN_CONSTANT_CONVERSION = YES;
				CLANG_WARN_DIRECT_OBJC_ISA_USAGE = YES_ERROR;
				CLANG_WARN_EMPTY_BODY = YES;
				CLANG_WARN_ENUM_CONVERSION = YES;
				CLANG_WARN_INT_CONVERSION = YES;
				CLANG_WARN_OBJC_ROOT_CLASS = YES_ERROR;
				CLANG_WARN_UNREACHABLE_CODE = YES;
				CLANG_WARN__DUPLICATE_METHOD_MATCH = YES;
				"CODE_SIGN_IDENTITY[sdk=iphoneos*]" = "iPhone Developer";
				COPY_PHASE_STRIP = NO;
				DEBUG_INFORMATION_FORMAT = "dwarf-with-dsym";
				ENABLE_NS_ASSERTIONS = NO;
				ENABLE_STRICT_OBJC_MSGSEND = YES;
				GCC_C_LANGUAGE_STANDARD = gnu99;
				GCC_NO_COMMON_BLOCKS = YES;
				GCC_WARN_64_TO_32_BIT_CONVERSION = YES;
				GCC_WARN_ABOUT_RETURN_TYPE = YES_ERROR;
				GCC_WARN_UNDECLARED_SELECTOR = YES;
				GCC_WARN_UNINITIALIZED_AUTOS = YES_AGGRESSIVE;
				GCC_WARN_UNUSED_FUNCTION = YES;
				GCC_WARN_UNUSED_VARIABLE = YES;
				IPHONEOS_DEPLOYMENT_TARGET = 9.2;
				MTL_ENABLE_DEBUG_INFO = NO;
				SDKROOT = iphoneos;
				TARGETED_DEVICE_FAMILY = "1,2";
				VALIDATE_PRODUCT = YES;
			};
			name = Release;
		};
		49F7A4191CB43B2C00448BCA /* Debug */ = {
			isa = XCBuildConfiguration;
			buildSettings = {
				ASSETCATALOG_COMPILER_APPICON_NAME = AppIcon;
				INFOPLIST_FILE = GDong/Info.plist;
				IPHONEOS_DEPLOYMENT_TARGET = 9.2;
				LD_RUNPATH_SEARCH_PATHS = "$(inherited) @executable_path/Frameworks";
				PRODUCT_BUNDLE_IDENTIFIER = com.GDong;
				PRODUCT_NAME = "$(TARGET_NAME)";
			};
			name = Debug;
		};
		49F7A41A1CB43B2C00448BCA /* Release */ = {
			isa = XCBuildConfiguration;
			buildSettings = {
				ASSETCATALOG_COMPILER_APPICON_NAME = AppIcon;
				INFOPLIST_FILE = GDong/Info.plist;
				IPHONEOS_DEPLOYMENT_TARGET = 9.2;
				LD_RUNPATH_SEARCH_PATHS = "$(inherited) @executable_path/Frameworks";
				PRODUCT_BUNDLE_IDENTIFIER = com.GDong;
				PRODUCT_NAME = "$(TARGET_NAME)";
			};
			name = Release;
		};
/* End XCBuildConfiguration section */

/* Begin XCConfigurationList section */
		49F7A4011CB43B2C00448BCA /* Build configuration list for PBXProject "GDong" */ = {
			isa = XCConfigurationList;
			buildConfigurations = (
				49F7A4161CB43B2C00448BCA /* Debug */,
				49F7A4171CB43B2C00448BCA /* Release */,
			);
			defaultConfigurationIsVisible = 0;
			defaultConfigurationName = Release;
		};
		49F7A4181CB43B2C00448BCA /* Build configuration list for PBXNativeTarget "GDong" */ = {
			isa = XCConfigurationList;
			buildConfigurations = (
				49F7A4191CB43B2C00448BCA /* Debug */,
				49F7A41A1CB43B2C00448BCA /* Release */,
			);
			defaultConfigurationIsVisible = 0;
			defaultConfigurationName = Release;
		};
/* End XCConfigurationList section */
	};
	rootObject = 49F7A3FE1CB43B2C00448BCA /* Project object */;
}
